
Microsoft Visual Studio Solution File, Format Version 12.00
# Visual Studio 2012
Project("{8BC9CEB8-8B4A-11D0-8D11-00A0C91BC942}") = "phoneBook", "phoneBook\phoneBook.vcxproj", "{612C86FC-EFF9-44EF-84F6-4D36C2EF41AC}"
EndProject
Global
	GlobalSection(SolutionConfigurationPlatforms) = preSolution
		Debug|Win32 = Debug|Win32
		Release|Win32 = Release|Win32
	EndGlobalSection
	GlobalSection(ProjectConfigurationPlatforms) = postSolution
		{612C86FC-EFF9-44EF-84F6-4D36C2EF41AC}.Debug|Win32.ActiveCfg = Debug|Win32
		{612C86FC-EFF9-44EF-84F6-4D36C2EF41AC}.Debug|Win32.Build.0 = Debug|Win32
		{612C86FC-EFF9-44EF-84F6-4D36C2EF41AC}.Release|Win32.ActiveCfg = Release|Win32
		{612C86FC-EFF9-44EF-84F6-4D36C2EF41AC}.Release|Win32.Build.0 = Release|Win32
	EndGlobalSection
	GlobalSection(SolutionProperties) = preSolution
		HideSolutionNode = FALSE
	EndGlobalSection
EndGlobal
